// !$*UTF8*$!
{
	archiveVersion = 1;
	classes = {
	};
	objectVersion = 50;
	objects = {

/* Begin PBXBuildFile section */
		D78B0AC12276DFCF00332EA8 /* AppDelegate.swift in Sources */ = {isa = PBXBuildFile; fileRef = D78B0AC02276DFCF00332EA8 /* AppDelegate.swift */; };
		D78B0AC32276DFCF00332EA8 /* ViewController.swift in Sources */ = {isa = PBXBuildFile; fileRef = D78B0AC22276DFCF00332EA8 /* ViewController.swift */; };
		D78B0AC62276DFCF00332EA8 /* Main.storyboard in Resources */ = {isa = PBXBuildFile; fileRef = D78B0AC42276DFCF00332EA8 /* Main.storyboard */; };
		D78B0AC82276DFD100332EA8 /* Assets.xcassets in Resources */ = {isa = PBXBuildFile; fileRef = D78B0AC72276DFD100332EA8 /* Assets.xcassets */; };
		D78B0ACB2276DFD100332EA8 /* LaunchScreen.storyboard in Resources */ = {isa = PBXBuildFile; fileRef = D78B0AC92276DFD100332EA8 /* LaunchScreen.storyboard */; };
		D78B0AD62276DFD200332EA8 /* HYPageViewTests.swift in Sources */ = {isa = PBXBuildFile; fileRef = D78B0AD52276DFD200332EA8 /* HYPageViewTests.swift */; };
		D78B0AE12276DFD200332EA8 /* HYPageViewUITests.swift in Sources */ = {isa = PBXBuildFile; fileRef = D78B0AE02276DFD200332EA8 /* HYPageViewUITests.swift */; };
/* End PBXBuildFile section */

/* Begin PBXContainerItemProxy section */
		D78B0AD22276DFD200332EA8 /* PBXContainerItemProxy */ = {
			isa = PBXContainerItemProxy;
			containerPortal = D78B0AB52276DFCE00332EA8 /* Project object */;
			proxyType = 1;
			remoteGlobalIDString = D78B0ABC2276DFCE00332EA8;
			remoteInfo = HYPageView;
		};
		D78B0ADD2276DFD200332EA8 /* PBXContainerItemProxy */ = {
			isa = PBXContainerItemProxy;
			containerPortal = D78B0AB52276DFCE00332EA8 /* Project object */;
			proxyType = 1;
			remoteGlobalIDString = D78B0ABC2276DFCE00332EA8;
			remoteInfo = HYPageView;
		};
/* End PBXContainerItemProxy section */

/* Begin PBXFileReference section */
		D78B0ABD2276DFCF00332EA8 /* HYPageView.app */ = {isa = PBXFileReference; explicitFileType = wrapper.application; includeInIndex = 0; path = HYPageView.app; sourceTree = BUILT_PRODUCTS_DIR; };
		D78B0AC02276DFCF00332EA8 /* AppDelegate.swift */ = {isa = PBXFileReference; lastKnownFileType = sourcecode.swift; path = AppDelegate.swift; sourceTree = "<group>"; };
		D78B0AC22276DFCF00332EA8 /* ViewController.swift */ = {isa = PBXFileReference; lastKnownFileType = sourcecode.swift; path = ViewController.swift; sourceTree = "<group>"; };
		D78B0AC52276DFCF00332EA8 /* Base */ = {isa = PBXFileReference; lastKnownFileType = file.storyboard; name = Base; path = Base.lproj/Main.storyboard; sourceTree = "<group>"; };
		D78B0AC72276DFD100332EA8 /* Assets.xcassets */ = {isa = PBXFileReference; lastKnownFileType = folder.assetcatalog; path = Assets.xcassets; sourceTree = "<group>"; };
		D78B0ACA2276DFD100332EA8 /* Base */ = {isa = PBXFileReference; lastKnownFileType = file.storyboard; name = Base; path = Base.lproj/LaunchScreen.storyboard; sourceTree = "<group>"; };
		D78B0ACC2276DFD100332EA8 /* Info.plist */ = {isa = PBXFileReference; lastKnownFileType = text.plist.xml; path = Info.plist; sourceTree = "<group>"; };
		D78B0AD12276DFD200332EA8 /* HYPageViewTests.xctest */ = {isa = PBXFileReference; explicitFileType = wrapper.cfbundle; includeInIndex = 0; path = HYPageViewTests.xctest; sourceTree = BUILT_PRODUCTS_DIR; };
		D78B0AD52276DFD200332EA8 /* HYPageViewTests.swift */ = {isa = PBXFileReference; lastKnownFileType = sourcecode.swift; path = HYPageViewTests.swift; sourceTree = "<group>"; };
		D78B0AD72276DFD200332EA8 /* Info.plist */ = {isa = PBXFileReference; lastKnownFileType = text.plist.xml; path = Info.plist; sourceTree = "<group>"; };
		D78B0ADC2276DFD200332EA8 /* HYPageViewUITests.xctest */ = {isa = PBXFileReference; explicitFileType = wrapper.cfbundle; includeInIndex = 0; path = HYPageViewUITests.xctest; sourceTree = BUILT_PRODUCTS_DIR; };
		D78B0AE02276DFD200332EA8 /* HYPageViewUITests.swift */ = {isa = PBXFileReference; lastKnownFileType = sourcecode.swift; path = HYPageViewUITests.swift; sourceTree = "<group>"; };
		D78B0AE22276DFD200332EA8 /* Info.plist */ = {isa = PBXFileReference; lastKnownFileType = text.plist.xml; path = Info.plist; sourceTree = "<group>"; };
/* End PBXFileReference section */

/* Begin PBXFrameworksBuildPhase section */
		D78B0ABA2276DFCE00332EA8 /* Frameworks */ = {
			isa = PBXFrameworksBuildPhase;
			buildActionMask = 2147483647;
			files = (
			);
			runOnlyForDeploymentPostprocessing = 0;
		};
		D78B0ACE2276DFD200332EA8 /* Frameworks */ = {
			isa = PBXFrameworksBuildPhase;
			buildActionMask = 2147483647;
			files = (
			);
			runOnlyForDeploymentPostprocessing = 0;
		};
		D78B0AD92276DFD200332EA8 /* Frameworks */ = {
			isa = PBXFrameworksBuildPhase;
			buildActionMask = 2147483647;
			files = (
			);
			runOnlyForDeploymentPostprocessing = 0;
		};
/* End PBXFrameworksBuildPhase section */

/* Begin PBXGroup section */
		D78B0AB42276DFCE00332EA8 = {
			isa = PBXGroup;
			children = (
				D78B0ABF2276DFCF00332EA8 /* HYPageView */,
				D78B0AD42276DFD200332EA8 /* HYPageViewTests */,
				D78B0ADF2276DFD200332EA8 /* HYPageViewUITests */,
				D78B0ABE2276DFCF00332EA8 /* Products */,
			);
			sourceTree = "<group>";
		};
		D78B0ABE2276DFCF00332EA8 /* Products */ = {
			isa = PBXGroup;
			children = (
				D78B0ABD2276DFCF00332EA8 /* HYPageView.app */,
				D78B0AD12276DFD200332EA8 /* HYPageViewTests.xctest */,
				D78B0ADC2276DFD200332EA8 /* HYPageViewUITests.xctest */,
			);
			name = Products;
			sourceTree = "<group>";
		};
		D78B0ABF2276DFCF00332EA8 /* HYPageView */ = {
			isa = PBXGroup;
			children = (
				D78B0AC02276DFCF00332EA8 /* AppDelegate.swift */,
				D78B0AC22276DFCF00332EA8 /* ViewController.swift */,
				D78B0AC42276DFCF00332EA8 /* Main.storyboard */,
				D78B0AC72276DFD100332EA8 /* Assets.xcassets */,
				D78B0AC92276DFD100332EA8 /* LaunchScreen.storyboard */,
				D78B0ACC2276DFD100332EA8 /* Info.plist */,
			);
			path = HYPageView;
			sourceTree = "<group>";
		};
		D78B0AD42276DFD200332EA8 /* HYPageViewTests */ = {
			isa = PBXGroup;
			children = (
				D78B0AD52276DFD200332EA8 /* HYPageViewTests.swift */,
				D78B0AD72276DFD200332EA8 /* Info.plist */,
			);
			path = HYPageViewTests;
			sourceTree = "<group>";
		};
		D78B0ADF2276DFD200332EA8 /* HYPageViewUITests */ = {
			isa = PBXGroup;
			children = (
				D78B0AE02276DFD200332EA8 /* HYPageViewUITests.swift */,
				D78B0AE22276DFD200332EA8 /* Info.plist */,
			);
			path = HYPageViewUITests;
			sourceTree = "<group>";
		};
/* End PBXGroup section */

/* Begin PBXNativeTarget section */
		D78B0ABC2276DFCE00332EA8 /* HYPageView */ = {
			isa = PBXNativeTarget;
			buildConfigurationList = D78B0AE52276DFD200332EA8 /* Build configuration list for PBXNativeTarget "HYPageView" */;
			buildPhases = (
				D78B0AB92276DFCE00332EA8 /* Sources */,
				D78B0ABA2276DFCE00332EA8 /* Frameworks */,
				D78B0ABB2276DFCE00332EA8 /* Resources */,
			);
			buildRules = (
			);
			dependencies = (
			);
			name = HYPageView;
			productName = HYPageView;
			productReference = D78B0ABD2276DFCF00332EA8 /* HYPageView.app */;
			productType = "com.apple.product-type.application";
		};
		D78B0AD02276DFD200332EA8 /* HYPageViewTests */ = {
			isa = PBXNativeTarget;
			buildConfigurationList = D78B0AE82276DFD200332EA8 /* Build configuration list for PBXNativeTarget "HYPageViewTests" */;
			buildPhases = (
				D78B0ACD2276DFD200332EA8 /* Sources */,
				D78B0ACE2276DFD200332EA8 /* Frameworks */,
				D78B0ACF2276DFD200332EA8 /* Resources */,
			);
			buildRules = (
			);
			dependencies = (
				D78B0AD32276DFD200332EA8 /* PBXTargetDependency */,
			);
			name = HYPageViewTests;
			productName = HYPageViewTests;
			productReference = D78B0AD12276DFD200332EA8 /* HYPageViewTests.xctest */;
			productType = "com.apple.product-type.bundle.unit-test";
		};
		D78B0ADB2276DFD200332EA8 /* HYPageViewUITests */ = {
			isa = PBXNativeTarget;
			buildConfigurationList = D78B0AEB2276DFD200332EA8 /* Build configuration list for PBXNativeTarget "HYPageViewUITests" */;
			buildPhases = (
				D78B0AD82276DFD200332EA8 /* Sources */,
				D78B0AD92276DFD200332EA8 /* Frameworks */,
				D78B0ADA2276DFD200332EA8 /* Resources */,
			);
			buildRules = (
			);
			dependencies = (
				D78B0ADE2276DFD200332EA8 /* PBXTargetDependency */,
			);
			name = HYPageViewUITests;
			productName = HYPageViewUITests;
			productReference = D78B0ADC2276DFD200332EA8 /* HYPageViewUITests.xctest */;
			productType = "com.apple.product-type.bundle.ui-testing";
		};
/* End PBXNativeTarget section */

/* Begin PBXProject section */
		D78B0AB52276DFCE00332EA8 /* Project object */ = {
			isa = PBXProject;
			attributes = {
				LastSwiftUpdateCheck = 1010;
				LastUpgradeCheck = 1010;
				ORGANIZATIONNAME = guoyandong;
				TargetAttributes = {
					D78B0ABC2276DFCE00332EA8 = {
						CreatedOnToolsVersion = 10.1;
					};
					D78B0AD02276DFD200332EA8 = {
						CreatedOnToolsVersion = 10.1;
						TestTargetID = D78B0ABC2276DFCE00332EA8;
					};
					D78B0ADB2276DFD200332EA8 = {
						CreatedOnToolsVersion = 10.1;
						TestTargetID = D78B0ABC2276DFCE00332EA8;
					};
				};
			};
			buildConfigurationList = D78B0AB82276DFCE00332EA8 /* Build configuration list for PBXProject "HYPageView" */;
			compatibilityVersion = "Xcode 9.3";
			developmentRegion = en;
			hasScannedForEncodings = 0;
			knownRegions = (
				en,
				Base,
			);
			mainGroup = D78B0AB42276DFCE00332EA8;
			productRefGroup = D78B0ABE2276DFCF00332EA8 /* Products */;
			projectDirPath = "";
			projectRoot = "";
			targets = (
				D78B0ABC2276DFCE00332EA8 /* HYPageView */,
				D78B0AD02276DFD200332EA8 /* HYPageViewTests */,
				D78B0ADB2276DFD200332EA8 /* HYPageViewUITests */,
			);
		};
/* End PBXProject section */

/* Begin PBXResourcesBuildPhase section */
		D78B0ABB2276DFCE00332EA8 /* Resources */ = {
			isa = PBXResourcesBuildPhase;
			buildActionMask = 2147483647;
			files = (
				D78B0ACB2276DFD100332EA8 /* LaunchScreen.storyboard in Resources */,
				D78B0AC82276DFD100332EA8 /* Assets.xcassets in Resources */,
				D78B0AC62276DFCF00332EA8 /* Main.storyboard in Resources */,
			);
			runOnlyForDeploymentPostprocessing = 0;
		};
		D78B0ACF2276DFD200332EA8 /* Resources */ = {
			isa = PBXResourcesBuildPhase;
			buildActionMask = 2147483647;
			files = (
			);
			runOnlyForDeploymentPostprocessing = 0;
		};
		D78B0ADA2276DFD200332EA8 /* Resources */ = {
			isa = PBXResourcesBuildPhase;
			buildActionMask = 2147483647;
			files = (
			);
			runOnlyForDeploymentPostprocessing = 0;
		};
/* End PBXResourcesBuildPhase section */

/* Begin PBXSourcesBuildPhase section */
		D78B0AB92276DFCE00332EA8 /* Sources */ = {
			isa = PBXSourcesBuildPhase;
			buildActionMask = 2147483647;
			files = (
				D78B0AC32276DFCF00332EA8 /* ViewController.swift in Sources */,
				D78B0AC12276DFCF00332EA8 /* AppDelegate.swift in Sources */,
			);
			runOnlyForDeploymentPostprocessing = 0;
		};
		D78B0ACD2276DFD200332EA8 /* Sources */ = {
			isa = PBXSourcesBuildPhase;
			buildActionMask = 2147483647;
			files = (
				D78B0AD62276DFD200332EA8 /* HYPageViewTests.swift in Sources */,
			);
			runOnlyForDeploymentPostprocessing = 0;
		};
		D78B0AD82276DFD200332EA8 /* Sources */ = {
			isa = PBXSourcesBuildPhase;
			buildActionMask = 2147483647;
			files = (
				D78B0AE12276DFD200332EA8 /* HYPageViewUITests.swift in Sources */,
			);
			runOnlyForDeploymentPostprocessing = 0;
		};
/* End PBXSourcesBuildPhase section */

/* Begin PBXTargetDependency section */
		D78B0AD32276DFD200332EA8 /* PBXTargetDependency */ = {
			isa = PBXTargetDependency;
			target = D78B0ABC2276DFCE00332EA8 /* HYPageView */;
			targetProxy = D78B0AD22276DFD200332EA8 /* PBXContainerItemProxy */;
		};
		D78B0ADE2276DFD200332EA8 /* PBXTargetDependency */ = {
			isa = PBXTargetDependency;
			target = D78B0ABC2276DFCE00332EA8 /* HYPageView */;
			targetProxy = D78B0ADD2276DFD200332EA8 /* PBXContainerItemProxy */;
		};
/* End PBXTargetDependency section */

/* Begin PBXVariantGroup section */
		D78B0AC42276DFCF00332EA8 /* Main.storyboard */ = {
			isa = PBXVariantGroup;
			children = (
				D78B0AC52276DFCF00332EA8 /* Base */,
			);
			name = Main.storyboard;
			sourceTree = "<group>";
		};
		D78B0AC92276DFD100332EA8 /* LaunchScreen.storyboard */ = {
			isa = PBXVariantGroup;
			children = (
				D78B0ACA2276DFD100332EA8 /* Base */,
			);
			name = LaunchScreen.storyboard;
			sourceTree = "<group>";
		};
/* End PBXVariantGroup section */

/* Begin XCBuildConfiguration section */
		D78B0AE32276DFD200332EA8 /* Debug */ = {
			isa = XCBuildConfiguration;
			buildSettings = {
				ALWAYS_SEARCH_USER_PATHS = NO;
				CLANG_ANALYZER_NONNULL = YES;
				CLANG_ANALYZER_NUMBER_OBJECT_CONVERSION = YES_AGGRESSIVE;
				CLANG_CXX_LANGUAGE_STANDARD = "gnu++14";
				CLANG_CXX_LIBRARY = "libc++";
				CLANG_ENABLE_MODULES = YES;
				CLANG_ENABLE_OBJC_ARC = YES;
				CLANG_ENABLE_OBJC_WEAK = YES;
				CLANG_WARN_BLOCK_CAPTURE_AUTORELEASING = YES;
				CLANG_WARN_BOOL_CONVERSION = YES;
				CLANG_WARN_COMMA = YES;
				CLANG_WARN_CONSTANT_CONVERSION = YES;
				CLANG_WARN_DEPRECATED_OBJC_IMPLEMENTATIONS = YES;
				CLANG_WARN_DIRECT_OBJC_ISA_USAGE = YES_ERROR;
				CLANG_WARN_DOCUMENTATION_COMMENTS = YES;
				CLANG_WARN_EMPTY_BODY = YES;
				CLANG_WARN_ENUM_CONVERSION = YES;
				CLANG_WARN_INFINITE_RECURSION = YES;
				CLANG_WARN_INT_CONVERSION = YES;
				CLANG_WARN_NON_LITERAL_NULL_CONVERSION = YES;
				CLANG_WARN_OBJC_IMPLICIT_RETAIN_SELF = YES;
				CLANG_WARN_OBJC_LITERAL_CONVERSION = YES;
				CLANG_WARN_OBJC_ROOT_CLASS = YES_ERROR;
				CLANG_WARN_RANGE_LOOP_ANALYSIS = YES;
				CLANG_WARN_STRICT_PROTOTYPES = YES;
				CLANG_WARN_SUSPICIOUS_MOVE = YES;
				CLANG_WARN_UNGUARDED_AVAILABILITY = YES_AGGRESSIVE;
				CLANG_WARN_UNREACHABLE_CODE = YES;
				CLANG_WARN__DUPLICATE_METHOD_MATCH = YES;
				CODE_SIGN_IDENTITY = "iPhone Developer";
				COPY_PHASE_STRIP = NO;
				DEBUG_INFORMATION_FORMAT = dwarf;
				ENABLE_STRICT_OBJC_MSGSEND = YES;
				ENABLE_TESTABILITY = YES;
				GCC_C_LANGUAGE_STANDARD = gnu11;
				GCC_DYNAMIC_NO_PIC = NO;
				GCC_NO_COMMON_BLOCKS = YES;
				GCC_OPTIMIZATION_LEVEL = 0;
				GCC_PREPROCESSOR_DEFINITIONS = (
					"DEBUG=1",
					"$(inherited)",
				);
				GCC_WARN_64_TO_32_BIT_CONVERSION = YES;
				GCC_WARN_ABOUT_RETURN_TYPE = YES_ERROR;
				GCC_WARN_UNDECLARED_SELECTOR = YES;
				GCC_WARN_UNINITIALIZED_AUTOS = YES_AGGRESSIVE;
				GCC_WARN_UNUSED_FUNCTION = YES;
				GCC_WARN_UNUSED_VARIABLE = YES;
				IPHONEOS_DEPLOYMENT_TARGET = 12.1;
				MTL_ENABLE_DEBUG_INFO = INCLUDE_SOURCE;
				MTL_FAST_MATH = YES;
				ONLY_ACTIVE_ARCH = YES;
				SDKROOT = iphoneos;
				SWIFT_ACTIVE_COMPILATION_CONDITIONS = DEBUG;
				SWIFT_OPTIMIZATION_LEVEL = "-Onone";
			};
			name = Debug;
		};
		D78B0AE42276DFD200332EA8 /* Release */ = {
			isa = XCBuildConfiguration;
			buildSettings = {
				ALWAYS_SEARCH_USER_PATHS = NO;
				CLANG_ANALYZER_NONNULL = YES;
				CLANG_ANALYZER_NUMBER_OBJECT_CONVERSION = YES_AGGRESSIVE;
				CLANG_CXX_LANGUAGE_STANDARD = "gnu++14";
				CLANG_CXX_LIBRARY = "libc++";
				CLANG_ENABLE_MODULES = YES;
				CLANG_ENABLE_OBJC_ARC = YES;
				CLANG_ENABLE_OBJC_WEAK = YES;
				CLANG_WARN_BLOCK_CAPTURE_AUTORELEASING = YES;
				CLANG_WARN_BOOL_CONVERSION = YES;
				CLANG_WARN_COMMA = YES;
				CLANG_WARN_CONSTANT_CONVERSION = YES;
				CLANG_WARN_DEPRECATED_OBJC_IMPLEMENTATIONS = YES;
				CLANG_WARN_DIRECT_OBJC_ISA_USAGE = YES_ERROR;
				CLANG_WARN_DOCUMENTATION_COMMENTS = YES;
				CLANG_WARN_EMPTY_BODY = YES;
				CLANG_WARN_ENUM_CONVERSION = YES;
				CLANG_WARN_INFINITE_RECURSION = YES;
				CLANG_WARN_INT_CONVERSION = YES;
				CLANG_WARN_NON_LITERAL_NULL_CONVERSION = YES;
				CLANG_WARN_OBJC_IMPLICIT_RETAIN_SELF = YES;
				CLANG_WARN_OBJC_LITERAL_CONVERSION = YES;
				CLANG_WARN_OBJC_ROOT_CLASS = YES_ERROR;
				CLANG_WARN_RANGE_LOOP_ANALYSIS = YES;
				CLANG_WARN_STRICT_PROTOTYPES = YES;
				CLANG_WARN_SUSPICIOUS_MOVE = YES;
				CLANG_WARN_UNGUARDED_AVAILABILITY = YES_AGGRESSIVE;
				CLANG_WARN_UNREACHABLE_CODE = YES;
				CLANG_WARN__DUPLICATE_METHOD_MATCH = YES;
				CODE_SIGN_IDENTITY = "iPhone Developer";
				COPY_PHASE_STRIP = NO;
				DEBUG_INFORMATION_FORMAT = "dwarf-with-dsym";
				ENABLE_NS_ASSERTIONS = NO;
				ENABLE_STRICT_OBJC_MSGSEND = YES;
				GCC_C_LANGUAGE_STANDARD = gnu11;
				GCC_NO_COMMON_BLOCKS = YES;
				GCC_WARN_64_TO_32_BIT_CONVERSION = YES;
				GCC_WARN_ABOUT_RETURN_TYPE = YES_ERROR;
				GCC_WARN_UNDECLARED_SELECTOR = YES;
				GCC_WARN_UNINITIALIZED_AUTOS = YES_AGGRESSIVE;
				GCC_WARN_UNUSED_FUNCTION = YES;
				GCC_WARN_UNUSED_VARIABLE = YES;
				IPHONEOS_DEPLOYMENT_TARGET = 12.1;
				MTL_ENABLE_DEBUG_INFO = NO;
				MTL_FAST_MATH = YES;
				SDKROOT = iphoneos;
				SWIFT_COMPILATION_MODE = wholemodule;
				SWIFT_OPTIMIZATION_LEVEL = "-O";
				VALIDATE_PRODUCT = YES;
			};
			name = Release;
		};
		D78B0AE62276DFD200332EA8 /* Debug */ = {
			isa = XCBuildConfiguration;
			buildSettings = {
				ASSETCATALOG_COMPILER_APPICON_NAME = AppIcon;
				CODE_SIGN_STYLE = Automatic;
				INFOPLIST_FILE = HYPageView/Info.plist;
				LD_RUNPATH_SEARCH_PATHS = (
					"$(inherited)",
					"@executable_path/Frameworks",
				);
				PRODUCT_BUNDLE_IDENTIFIER = aaaa.HYPageView;
				PRODUCT_NAME = "$(TARGET_NAME)";
				SWIFT_VERSION = 4.2;
				TARGETED_DEVICE_FAMILY = "1,2";
			};
			name = Debug;
		};
		D78B0AE72276DFD200332EA8 /* Release */ = {
			isa = XCBuildConfiguration;
			buildSettings = {
				ASSETCATALOG_COMPILER_APPICON_NAME = AppIcon;
				CODE_SIGN_STYLE = Automatic;
				INFOPLIST_FILE = HYPageView/Info.plist;
				LD_RUNPATH_SEARCH_PATHS = (
					"$(inherited)",
					"@executable_path/Frameworks",
				);
				PRODUCT_BUNDLE_IDENTIFIER = aaaa.HYPageView;
				PRODUCT_NAME = "$(TARGET_NAME)";
				SWIFT_VERSION = 4.2;
				TARGETED_DEVICE_FAMILY = "1,2";
			};
			name = Release;
		};
		D78B0AE92276DFD200332EA8 /* Debug */ = {
			isa = XCBuildConfiguration;
			buildSettings = {
				ALWAYS_EMBED_SWIFT_STANDARD_LIBRARIES = YES;
				BUNDLE_LOADER = "$(TEST_HOST)";
				CODE_SIGN_STYLE = Automatic;
				INFOPLIST_FILE = HYPageViewTests/Info.plist;
				LD_RUNPATH_SEARCH_PATHS = (
					"$(inherited)",
					"@executable_path/Frameworks",
					"@loader_path/Frameworks",
				);
				PRODUCT_BUNDLE_IDENTIFIER = aaaa.HYPageViewTests;
				PRODUCT_NAME = "$(TARGET_NAME)";
				SWIFT_VERSION = 4.2;
				TARGETED_DEVICE_FAMILY = "1,2";
				TEST_HOST = "$(BUILT_PRODUCTS_DIR)/HYPageView.app/HYPageView";
			};
			name = Debug;
		};
		D78B0AEA2276DFD200332EA8 /* Release */ = {
			isa = XCBuildConfiguration;
			buildSettings = {
				ALWAYS_EMBED_SWIFT_STANDARD_LIBRARIES = YES;
				BUNDLE_LOADER = "$(TEST_HOST)";
				CODE_SIGN_STYLE = Automatic;
				INFOPLIST_FILE = HYPageViewTests/Info.plist;
				LD_RUNPATH_SEARCH_PATHS = (
					"$(inherited)",
					"@executable_path/Frameworks",
					"@loader_path/Frameworks",
				);
				PRODUCT_BUNDLE_IDENTIFIER = aaaa.HYPageViewTests;
				PRODUCT_NAME = "$(TARGET_NAME)";
				SWIFT_VERSION = 4.2;
				TARGETED_DEVICE_FAMILY = "1,2";
				TEST_HOST = "$(BUILT_PRODUCTS_DIR)/HYPageView.app/HYPageView";
			};
			name = Release;
		};
		D78B0AEC2276DFD200332EA8 /* Debug */ = {
			isa = XCBuildConfiguration;
			buildSettings = {
				ALWAYS_EMBED_SWIFT_STANDARD_LIBRARIES = YES;
				CODE_SIGN_STYLE = Automatic;
				INFOPLIST_FILE = HYPageViewUITests/Info.plist;
				LD_RUNPATH_SEARCH_PATHS = (
					"$(inherited)",
					"@executable_path/Frameworks",
					"@loader_path/Frameworks",
				);
				PRODUCT_BUNDLE_IDENTIFIER = aaaa.HYPageViewUITests;
				PRODUCT_NAME = "$(TARGET_NAME)";
				SWIFT_VERSION = 4.2;
				TARGETED_DEVICE_FAMILY = "1,2";
				TEST_TARGET_NAME = HYPageView;
			};
			name = Debug;
		};
		D78B0AED2276DFD200332EA8 /* Release */ = {
			isa = XCBuildConfiguration;
			buildSettings = {
				ALWAYS_EMBED_SWIFT_STANDARD_LIBRARIES = YES;
				CODE_SIGN_STYLE = Automatic;
				INFOPLIST_FILE = HYPageViewUITests/Info.plist;
				LD_RUNPATH_SEARCH_PATHS = (
					"$(inherited)",
					"@executable_path/Frameworks",
					"@loader_path/Frameworks",
				);
				PRODUCT_BUNDLE_IDENTIFIER = aaaa.HYPageViewUITests;
				PRODUCT_NAME = "$(TARGET_NAME)";
				SWIFT_VERSION = 4.2;
				TARGETED_DEVICE_FAMILY = "1,2";
				TEST_TARGET_NAME = HYPageView;
			};
			name = Release;
		};
/* End XCBuildConfiguration section */

/* Begin XCConfigurationList section */
		D78B0AB82276DFCE00332EA8 /* Build configuration list for PBXProject "HYPageView" */ = {
			isa = XCConfigurationList;
			buildConfigurations = (
				D78B0AE32276DFD200332EA8 /* Debug */,
				D78B0AE42276DFD200332EA8 /* Release */,
			);
			defaultConfigurationIsVisible = 0;
			defaultConfigurationName = Release;
		};
		D78B0AE52276DFD200332EA8 /* Build configuration list for PBXNativeTarget "HYPageView" */ = {
			isa = XCConfigurationList;
			buildConfigurations = (
				D78B0AE62276DFD200332EA8 /* Debug */,
				D78B0AE72276DFD200332EA8 /* Release */,
			);
			defaultConfigurationIsVisible = 0;
			defaultConfigurationName = Release;
		};
		D78B0AE82276DFD200332EA8 /* Build configuration list for PBXNativeTarget "HYPageViewTests" */ = {
			isa = XCConfigurationList;
			buildConfigurations = (
				D78B0AE92276DFD200332EA8 /* Debug */,
				D78B0AEA2276DFD200332EA8 /* Release */,
			);
			defaultConfigurationIsVisible = 0;
			defaultConfigurationName = Release;
		};
		D78B0AEB2276DFD200332EA8 /* Build configuration list for PBXNativeTarget "HYPageViewUITests" */ = {
			isa = XCConfigurationList;
			buildConfigurations = (
				D78B0AEC2276DFD200332EA8 /* Debug */,
				D78B0AED2276DFD200332EA8 /* Release */,
			);
			defaultConfigurationIsVisible = 0;
			defaultConfigurationName = Release;
		};
/* End XCConfigurationList section */
	};
	rootObject = D78B0AB52276DFCE00332EA8 /* Project object */;
}
